
Microsoft Visual Studio Solution File, Format Version 12.00
# Visual Studio 15
VisualStudioVersion = 15.0.28307.136
MinimumVisualStudioVersion = 10.0.40219.1
Project("{FAE04EC0-301F-11D3-BF4B-00C04F79EFBC}") = "Questao3", "Questao3\Questao3.csproj", "{DED17FDC-B020-4494-8467-79489EB7C385}"
EndProject
Global
	GlobalSection(SolutionConfigurationPlatforms) = preSolution
		Debug|Any CPU = Debug|Any CPU
		Release|Any CPU = Release|Any CPU
	EndGlobalSection
	GlobalSection(ProjectConfigurationPlatforms) = postSolution
		{DED17FDC-B020-4494-8467-79489EB7C385}.Debug|Any CPU.ActiveCfg = Debug|Any CPU
		{DED17FDC-B020-4494-8467-79489EB7C385}.Debug|Any CPU.Build.0 = Debug|Any CPU
		{DED17FDC-B020-4494-8467-79489EB7C385}.Release|Any CPU.ActiveCfg = Release|Any CPU
		{DED17FDC-B020-4494-8467-79489EB7C385}.Release|Any CPU.Build.0 = Release|Any CPU
	EndGlobalSection
	GlobalSection(SolutionProperties) = preSolution
		HideSolutionNode = FALSE
	EndGlobalSection
	GlobalSection(ExtensibilityGlobals) = postSolution
		SolutionGuid = {58042E3E-27B3-408B-B9B0-AC130A0D0893}
	EndGlobalSection
EndGlobal
