
Microsoft Visual Studio Solution File, Format Version 12.00
# Visual Studio 15
VisualStudioVersion = 15.0.28307.168
MinimumVisualStudioVersion = 10.0.40219.1
Project("{FAE04EC0-301F-11D3-BF4B-00C04F79EFBC}") = "Exercicio", "Exercicio\Exercicio.csproj", "{2B70C4C6-BEAC-497B-8AFF-7FE8FEF221E4}"
EndProject
Global
	GlobalSection(SolutionConfigurationPlatforms) = preSolution
		Debug|Any CPU = Debug|Any CPU
		Release|Any CPU = Release|Any CPU
	EndGlobalSection
	GlobalSection(ProjectConfigurationPlatforms) = postSolution
		{2B70C4C6-BEAC-497B-8AFF-7FE8FEF221E4}.Debug|Any CPU.ActiveCfg = Debug|Any CPU
		{2B70C4C6-BEAC-497B-8AFF-7FE8FEF221E4}.Debug|Any CPU.Build.0 = Debug|Any CPU
		{2B70C4C6-BEAC-497B-8AFF-7FE8FEF221E4}.Release|Any CPU.ActiveCfg = Release|Any CPU
		{2B70C4C6-BEAC-497B-8AFF-7FE8FEF221E4}.Release|Any CPU.Build.0 = Release|Any CPU
	EndGlobalSection
	GlobalSection(SolutionProperties) = preSolution
		HideSolutionNode = FALSE
	EndGlobalSection
	GlobalSection(ExtensibilityGlobals) = postSolution
		SolutionGuid = {24CA50FE-D1A4-47C3-BCC5-0EA022E4527E}
	EndGlobalSection
EndGlobal
