
Microsoft Visual Studio Solution File, Format Version 12.00
# Visual Studio 15
VisualStudioVersion = 15.0.28307.136
MinimumVisualStudioVersion = 10.0.40219.1
Project("{FAE04EC0-301F-11D3-BF4B-00C04F79EFBC}") = "course", "course\course.csproj", "{ADF38A7A-1492-44D8-AF82-DFEB833EC756}"
EndProject
Global
	GlobalSection(SolutionConfigurationPlatforms) = preSolution
		Debug|Any CPU = Debug|Any CPU
		Release|Any CPU = Release|Any CPU
	EndGlobalSection
	GlobalSection(ProjectConfigurationPlatforms) = postSolution
		{ADF38A7A-1492-44D8-AF82-DFEB833EC756}.Debug|Any CPU.ActiveCfg = Debug|Any CPU
		{ADF38A7A-1492-44D8-AF82-DFEB833EC756}.Debug|Any CPU.Build.0 = Debug|Any CPU
		{ADF38A7A-1492-44D8-AF82-DFEB833EC756}.Release|Any CPU.ActiveCfg = Release|Any CPU
		{ADF38A7A-1492-44D8-AF82-DFEB833EC756}.Release|Any CPU.Build.0 = Release|Any CPU
	EndGlobalSection
	GlobalSection(SolutionProperties) = preSolution
		HideSolutionNode = FALSE
	EndGlobalSection
	GlobalSection(ExtensibilityGlobals) = postSolution
		SolutionGuid = {15503C22-8B30-4CE6-8B6C-E93519574BAC}
	EndGlobalSection
EndGlobal
