
Microsoft Visual Studio Solution File, Format Version 12.00
# Visual Studio 15
VisualStudioVersion = 15.0.28307.136
MinimumVisualStudioVersion = 10.0.40219.1
Project("{FAE04EC0-301F-11D3-BF4B-00C04F79EFBC}") = "questao6", "questao6\questao6.csproj", "{C1BB0CCC-8530-4DEF-8FF5-F7D4640F3094}"
EndProject
Global
	GlobalSection(SolutionConfigurationPlatforms) = preSolution
		Debug|Any CPU = Debug|Any CPU
		Release|Any CPU = Release|Any CPU
	EndGlobalSection
	GlobalSection(ProjectConfigurationPlatforms) = postSolution
		{C1BB0CCC-8530-4DEF-8FF5-F7D4640F3094}.Debug|Any CPU.ActiveCfg = Debug|Any CPU
		{C1BB0CCC-8530-4DEF-8FF5-F7D4640F3094}.Debug|Any CPU.Build.0 = Debug|Any CPU
		{C1BB0CCC-8530-4DEF-8FF5-F7D4640F3094}.Release|Any CPU.ActiveCfg = Release|Any CPU
		{C1BB0CCC-8530-4DEF-8FF5-F7D4640F3094}.Release|Any CPU.Build.0 = Release|Any CPU
	EndGlobalSection
	GlobalSection(SolutionProperties) = preSolution
		HideSolutionNode = FALSE
	EndGlobalSection
	GlobalSection(ExtensibilityGlobals) = postSolution
		SolutionGuid = {E059DD84-2C0D-434B-A6B9-31A1D38D7D0D}
	EndGlobalSection
EndGlobal
