
Microsoft Visual Studio Solution File, Format Version 12.00
# Visual Studio 15
VisualStudioVersion = 15.0.28307.136
MinimumVisualStudioVersion = 10.0.40219.1
Project("{FAE04EC0-301F-11D3-BF4B-00C04F79EFBC}") = "Matrizes", "Matrizes\Matrizes.csproj", "{9C797F83-9D8A-4B2E-ADA9-1D2998EFAF76}"
EndProject
Global
	GlobalSection(SolutionConfigurationPlatforms) = preSolution
		Debug|Any CPU = Debug|Any CPU
		Release|Any CPU = Release|Any CPU
	EndGlobalSection
	GlobalSection(ProjectConfigurationPlatforms) = postSolution
		{9C797F83-9D8A-4B2E-ADA9-1D2998EFAF76}.Debug|Any CPU.ActiveCfg = Debug|Any CPU
		{9C797F83-9D8A-4B2E-ADA9-1D2998EFAF76}.Debug|Any CPU.Build.0 = Debug|Any CPU
		{9C797F83-9D8A-4B2E-ADA9-1D2998EFAF76}.Release|Any CPU.ActiveCfg = Release|Any CPU
		{9C797F83-9D8A-4B2E-ADA9-1D2998EFAF76}.Release|Any CPU.Build.0 = Release|Any CPU
	EndGlobalSection
	GlobalSection(SolutionProperties) = preSolution
		HideSolutionNode = FALSE
	EndGlobalSection
	GlobalSection(ExtensibilityGlobals) = postSolution
		SolutionGuid = {AA5DA0C7-A681-482D-A87D-CF46A12E29A8}
	EndGlobalSection
EndGlobal
